
Microsoft Visual Studio Solution File, Format Version 12.00
# Visual Studio Version 16
VisualStudioVersion = 16.0.29306.81
MinimumVisualStudioVersion = 10.0.40219.1
Project("{FAE04EC0-301F-11D3-BF4B-00C04F79EFBC}") = "Bank", "Bank\Bank.csproj", "{3E54FECD-F4B4-4114-94B1-AAA1BB8D806A}"
EndProject
Project("{FAE04EC0-301F-11D3-BF4B-00C04F79EFBC}") = "AccountInfo", "Account\AccountInfo.csproj", "{AF8164A3-CB87-4EBF-A16E-CABA0A0AE7F4}"
EndProject
Project("{FAE04EC0-301F-11D3-BF4B-00C04F79EFBC}") = "ServiceAccount", "ServiceAccount\ServiceAccount.csproj", "{D55DE973-966A-4706-B14F-A1B43A38D989}"
EndProject
Project("{FAE04EC0-301F-11D3-BF4B-00C04F79EFBC}") = "StorageAccount", "StorageAccount\StorageAccount.csproj", "{16D33B44-8B4A-423A-8B47-13FFB896B4D7}"
EndProject
Global
	GlobalSection(SolutionConfigurationPlatforms) = preSolution
		Debug|Any CPU = Debug|Any CPU
		Release|Any CPU = Release|Any CPU
	EndGlobalSection
	GlobalSection(ProjectConfigurationPlatforms) = postSolution
		{3E54FECD-F4B4-4114-94B1-AAA1BB8D806A}.Debug|Any CPU.ActiveCfg = Debug|Any CPU
		{3E54FECD-F4B4-4114-94B1-AAA1BB8D806A}.Debug|Any CPU.Build.0 = Debug|Any CPU
		{3E54FECD-F4B4-4114-94B1-AAA1BB8D806A}.Release|Any CPU.ActiveCfg = Release|Any CPU
		{3E54FECD-F4B4-4114-94B1-AAA1BB8D806A}.Release|Any CPU.Build.0 = Release|Any CPU
		{AF8164A3-CB87-4EBF-A16E-CABA0A0AE7F4}.Debug|Any CPU.ActiveCfg = Debug|Any CPU
		{AF8164A3-CB87-4EBF-A16E-CABA0A0AE7F4}.Debug|Any CPU.Build.0 = Debug|Any CPU
		{AF8164A3-CB87-4EBF-A16E-CABA0A0AE7F4}.Release|Any CPU.ActiveCfg = Release|Any CPU
		{AF8164A3-CB87-4EBF-A16E-CABA0A0AE7F4}.Release|Any CPU.Build.0 = Release|Any CPU
		{D55DE973-966A-4706-B14F-A1B43A38D989}.Debug|Any CPU.ActiveCfg = Debug|Any CPU
		{D55DE973-966A-4706-B14F-A1B43A38D989}.Debug|Any CPU.Build.0 = Debug|Any CPU
		{D55DE973-966A-4706-B14F-A1B43A38D989}.Release|Any CPU.ActiveCfg = Release|Any CPU
		{D55DE973-966A-4706-B14F-A1B43A38D989}.Release|Any CPU.Build.0 = Release|Any CPU
		{16D33B44-8B4A-423A-8B47-13FFB896B4D7}.Debug|Any CPU.ActiveCfg = Debug|Any CPU
		{16D33B44-8B4A-423A-8B47-13FFB896B4D7}.Debug|Any CPU.Build.0 = Debug|Any CPU
		{16D33B44-8B4A-423A-8B47-13FFB896B4D7}.Release|Any CPU.ActiveCfg = Release|Any CPU
		{16D33B44-8B4A-423A-8B47-13FFB896B4D7}.Release|Any CPU.Build.0 = Release|Any CPU
	EndGlobalSection
	GlobalSection(SolutionProperties) = preSolution
		HideSolutionNode = FALSE
	EndGlobalSection
	GlobalSection(ExtensibilityGlobals) = postSolution
		SolutionGuid = {24FC9C97-2BD2-4C60-B7D4-66C2A2D63EF1}
	EndGlobalSection
EndGlobal
