
Microsoft Visual Studio Solution File, Format Version 12.00
# Visual Studio Version 16
VisualStudioVersion = 16.0.29306.81
MinimumVisualStudioVersion = 10.0.40219.1
Project("{FAE04EC0-301F-11D3-BF4B-00C04F79EFBC}") = "FindGCD", "FindGCD\FindGCD.csproj", "{7D56D600-9507-4C65-9BBF-327F77DCC156}"
EndProject
Project("{FAE04EC0-301F-11D3-BF4B-00C04F79EFBC}") = "FindGCD.Tests", "FindGCD.Tests\FindGCD.Tests.csproj", "{EB0AF7B7-D545-47A4-9E47-4E8B4ADB6EAB}"
EndProject
Global
	GlobalSection(SolutionConfigurationPlatforms) = preSolution
		Debug|Any CPU = Debug|Any CPU
		Release|Any CPU = Release|Any CPU
	EndGlobalSection
	GlobalSection(ProjectConfigurationPlatforms) = postSolution
		{7D56D600-9507-4C65-9BBF-327F77DCC156}.Debug|Any CPU.ActiveCfg = Debug|Any CPU
		{7D56D600-9507-4C65-9BBF-327F77DCC156}.Debug|Any CPU.Build.0 = Debug|Any CPU
		{7D56D600-9507-4C65-9BBF-327F77DCC156}.Release|Any CPU.ActiveCfg = Release|Any CPU
		{7D56D600-9507-4C65-9BBF-327F77DCC156}.Release|Any CPU.Build.0 = Release|Any CPU
		{EB0AF7B7-D545-47A4-9E47-4E8B4ADB6EAB}.Debug|Any CPU.ActiveCfg = Debug|Any CPU
		{EB0AF7B7-D545-47A4-9E47-4E8B4ADB6EAB}.Debug|Any CPU.Build.0 = Debug|Any CPU
		{EB0AF7B7-D545-47A4-9E47-4E8B4ADB6EAB}.Release|Any CPU.ActiveCfg = Release|Any CPU
		{EB0AF7B7-D545-47A4-9E47-4E8B4ADB6EAB}.Release|Any CPU.Build.0 = Release|Any CPU
	EndGlobalSection
	GlobalSection(SolutionProperties) = preSolution
		HideSolutionNode = FALSE
	EndGlobalSection
	GlobalSection(ExtensibilityGlobals) = postSolution
		SolutionGuid = {4E711453-7133-4138-9657-665BD7151F77}
	EndGlobalSection
EndGlobal
